
Microsoft Visual Studio Solution File, Format Version 12.00
# Visual Studio Version 17
VisualStudioVersion = 17.0.31903.59
MinimumVisualStudioVersion = 10.0.40219.1
Project("{FAE04EC0-301F-11D3-BF4B-00C04F79EFBC}") = "Models", "Asp .Net Rest Api Learning\Models.csproj", "{B9D0DF46-C46B-4F62-86ED-73C9DE7B71A0}"
EndProject
Project("{FAE04EC0-301F-11D3-BF4B-00C04F79EFBC}") = "Services", "Services\Services.csproj", "{6AA42FAC-5093-4CB8-BB37-F43EC72DBD5E}"
EndProject
Project("{FAE04EC0-301F-11D3-BF4B-00C04F79EFBC}") = "WebApi", "WebApi\WebApi.csproj", "{7E306ABF-9915-4137-A342-DC3A42158293}"
EndProject
Global
	GlobalSection(SolutionConfigurationPlatforms) = preSolution
		Debug|Any CPU = Debug|Any CPU
		Debug|x64 = Debug|x64
		Debug|x86 = Debug|x86
		Release|Any CPU = Release|Any CPU
		Release|x64 = Release|x64
		Release|x86 = Release|x86
	EndGlobalSection
	GlobalSection(ProjectConfigurationPlatforms) = postSolution
		{B9D0DF46-C46B-4F62-86ED-73C9DE7B71A0}.Debug|Any CPU.ActiveCfg = Debug|Any CPU
		{B9D0DF46-C46B-4F62-86ED-73C9DE7B71A0}.Debug|Any CPU.Build.0 = Debug|Any CPU
		{B9D0DF46-C46B-4F62-86ED-73C9DE7B71A0}.Debug|x64.ActiveCfg = Debug|Any CPU
		{B9D0DF46-C46B-4F62-86ED-73C9DE7B71A0}.Debug|x64.Build.0 = Debug|Any CPU
		{B9D0DF46-C46B-4F62-86ED-73C9DE7B71A0}.Debug|x86.ActiveCfg = Debug|Any CPU
		{B9D0DF46-C46B-4F62-86ED-73C9DE7B71A0}.Debug|x86.Build.0 = Debug|Any CPU
		{B9D0DF46-C46B-4F62-86ED-73C9DE7B71A0}.Release|Any CPU.ActiveCfg = Release|Any CPU
		{B9D0DF46-C46B-4F62-86ED-73C9DE7B71A0}.Release|Any CPU.Build.0 = Release|Any CPU
		{B9D0DF46-C46B-4F62-86ED-73C9DE7B71A0}.Release|x64.ActiveCfg = Release|Any CPU
		{B9D0DF46-C46B-4F62-86ED-73C9DE7B71A0}.Release|x64.Build.0 = Release|Any CPU
		{B9D0DF46-C46B-4F62-86ED-73C9DE7B71A0}.Release|x86.ActiveCfg = Release|Any CPU
		{B9D0DF46-C46B-4F62-86ED-73C9DE7B71A0}.Release|x86.Build.0 = Release|Any CPU
		{6AA42FAC-5093-4CB8-BB37-F43EC72DBD5E}.Debug|Any CPU.ActiveCfg = Debug|Any CPU
		{6AA42FAC-5093-4CB8-BB37-F43EC72DBD5E}.Debug|Any CPU.Build.0 = Debug|Any CPU
		{6AA42FAC-5093-4CB8-BB37-F43EC72DBD5E}.Debug|x64.ActiveCfg = Debug|Any CPU
		{6AA42FAC-5093-4CB8-BB37-F43EC72DBD5E}.Debug|x64.Build.0 = Debug|Any CPU
		{6AA42FAC-5093-4CB8-BB37-F43EC72DBD5E}.Debug|x86.ActiveCfg = Debug|Any CPU
		{6AA42FAC-5093-4CB8-BB37-F43EC72DBD5E}.Debug|x86.Build.0 = Debug|Any CPU
		{6AA42FAC-5093-4CB8-BB37-F43EC72DBD5E}.Release|Any CPU.ActiveCfg = Release|Any CPU
		{6AA42FAC-5093-4CB8-BB37-F43EC72DBD5E}.Release|Any CPU.Build.0 = Release|Any CPU
		{6AA42FAC-5093-4CB8-BB37-F43EC72DBD5E}.Release|x64.ActiveCfg = Release|Any CPU
		{6AA42FAC-5093-4CB8-BB37-F43EC72DBD5E}.Release|x64.Build.0 = Release|Any CPU
		{6AA42FAC-5093-4CB8-BB37-F43EC72DBD5E}.Release|x86.ActiveCfg = Release|Any CPU
		{6AA42FAC-5093-4CB8-BB37-F43EC72DBD5E}.Release|x86.Build.0 = Release|Any CPU
		{7E306ABF-9915-4137-A342-DC3A42158293}.Debug|Any CPU.ActiveCfg = Debug|Any CPU
		{7E306ABF-9915-4137-A342-DC3A42158293}.Debug|Any CPU.Build.0 = Debug|Any CPU
		{7E306ABF-9915-4137-A342-DC3A42158293}.Debug|x64.ActiveCfg = Debug|Any CPU
		{7E306ABF-9915-4137-A342-DC3A42158293}.Debug|x64.Build.0 = Debug|Any CPU
		{7E306ABF-9915-4137-A342-DC3A42158293}.Debug|x86.ActiveCfg = Debug|Any CPU
		{7E306ABF-9915-4137-A342-DC3A42158293}.Debug|x86.Build.0 = Debug|Any CPU
		{7E306ABF-9915-4137-A342-DC3A42158293}.Release|Any CPU.ActiveCfg = Release|Any CPU
		{7E306ABF-9915-4137-A342-DC3A42158293}.Release|Any CPU.Build.0 = Release|Any CPU
		{7E306ABF-9915-4137-A342-DC3A42158293}.Release|x64.ActiveCfg = Release|Any CPU
		{7E306ABF-9915-4137-A342-DC3A42158293}.Release|x64.Build.0 = Release|Any CPU
		{7E306ABF-9915-4137-A342-DC3A42158293}.Release|x86.ActiveCfg = Release|Any CPU
		{7E306ABF-9915-4137-A342-DC3A42158293}.Release|x86.Build.0 = Release|Any CPU
	EndGlobalSection
	GlobalSection(SolutionProperties) = preSolution
		HideSolutionNode = FALSE
	EndGlobalSection
EndGlobal
